// !$*UTF8*$!
{
	archiveVersion = 1;
	classes = {
	};
	objectVersion = 46;
	objects = {

/* Begin PBXBuildFile section */
		8BF378681D209B8900F9685A /* AppDelegate.swift in Sources */ = {isa = PBXBuildFile; fileRef = 8BF378671D209B8900F9685A /* AppDelegate.swift */; };
		8BF3786A1D209B8900F9685A /* FirstViewController.swift in Sources */ = {isa = PBXBuildFile; fileRef = 8BF378691D209B8900F9685A /* FirstViewController.swift */; };
		8BF3786C1D209B8900F9685A /* SecondViewController.swift in Sources */ = {isa = PBXBuildFile; fileRef = 8BF3786B1D209B8900F9685A /* SecondViewController.swift */; };
		8BF3786F1D209B8900F9685A /* Main.storyboard in Resources */ = {isa = PBXBuildFile; fileRef = 8BF3786D1D209B8900F9685A /* Main.storyboard */; };
		8BF378711D209B8900F9685A /* Assets.xcassets in Resources */ = {isa = PBXBuildFile; fileRef = 8BF378701D209B8900F9685A /* Assets.xcassets */; };
		8BF378741D209B8900F9685A /* LaunchScreen.storyboard in Resources */ = {isa = PBXBuildFile; fileRef = 8BF378721D209B8900F9685A /* LaunchScreen.storyboard */; };
		8BF3787F1D209B8A00F9685A /* Assignment1Tests.swift in Sources */ = {isa = PBXBuildFile; fileRef = 8BF3787E1D209B8A00F9685A /* Assignment1Tests.swift */; };
		8BF3788A1D209B8A00F9685A /* Assignment1UITests.swift in Sources */ = {isa = PBXBuildFile; fileRef = 8BF378891D209B8A00F9685A /* Assignment1UITests.swift */; };
/* End PBXBuildFile section */

/* Begin PBXContainerItemProxy section */
		8BF3787B1D209B8A00F9685A /* PBXContainerItemProxy */ = {
			isa = PBXContainerItemProxy;
			containerPortal = 8BF3785C1D209B8900F9685A /* Project object */;
			proxyType = 1;
			remoteGlobalIDString = 8BF378631D209B8900F9685A;
			remoteInfo = Assignment1;
		};
		8BF378861D209B8A00F9685A /* PBXContainerItemProxy */ = {
			isa = PBXContainerItemProxy;
			containerPortal = 8BF3785C1D209B8900F9685A /* Project object */;
			proxyType = 1;
			remoteGlobalIDString = 8BF378631D209B8900F9685A;
			remoteInfo = Assignment1;
		};
/* End PBXContainerItemProxy section */

/* Begin PBXFileReference section */
		8BF378641D209B8900F9685A /* Assignment1.app */ = {isa = PBXFileReference; explicitFileType = wrapper.application; includeInIndex = 0; path = Assignment1.app; sourceTree = BUILT_PRODUCTS_DIR; };
		8BF378671D209B8900F9685A /* AppDelegate.swift */ = {isa = PBXFileReference; lastKnownFileType = sourcecode.swift; path = AppDelegate.swift; sourceTree = "<group>"; };
		8BF378691D209B8900F9685A /* FirstViewController.swift */ = {isa = PBXFileReference; lastKnownFileType = sourcecode.swift; path = FirstViewController.swift; sourceTree = "<group>"; };
		8BF3786B1D209B8900F9685A /* SecondViewController.swift */ = {isa = PBXFileReference; lastKnownFileType = sourcecode.swift; path = SecondViewController.swift; sourceTree = "<group>"; };
		8BF3786E1D209B8900F9685A /* Base */ = {isa = PBXFileReference; lastKnownFileType = file.storyboard; name = Base; path = Base.lproj/Main.storyboard; sourceTree = "<group>"; };
		8BF378701D209B8900F9685A /* Assets.xcassets */ = {isa = PBXFileReference; lastKnownFileType = folder.assetcatalog; path = Assets.xcassets; sourceTree = "<group>"; };
		8BF378731D209B8900F9685A /* Base */ = {isa = PBXFileReference; lastKnownFileType = file.storyboard; name = Base; path = Base.lproj/LaunchScreen.storyboard; sourceTree = "<group>"; };
		8BF378751D209B8900F9685A /* Info.plist */ = {isa = PBXFileReference; lastKnownFileType = text.plist.xml; path = Info.plist; sourceTree = "<group>"; };
		8BF3787A1D209B8A00F9685A /* Assignment1Tests.xctest */ = {isa = PBXFileReference; explicitFileType = wrapper.cfbundle; includeInIndex = 0; path = Assignment1Tests.xctest; sourceTree = BUILT_PRODUCTS_DIR; };
		8BF3787E1D209B8A00F9685A /* Assignment1Tests.swift */ = {isa = PBXFileReference; lastKnownFileType = sourcecode.swift; path = Assignment1Tests.swift; sourceTree = "<group>"; };
		8BF378801D209B8A00F9685A /* Info.plist */ = {isa = PBXFileReference; lastKnownFileType = text.plist.xml; path = Info.plist; sourceTree = "<group>"; };
		8BF378851D209B8A00F9685A /* Assignment1UITests.xctest */ = {isa = PBXFileReference; explicitFileType = wrapper.cfbundle; includeInIndex = 0; path = Assignment1UITests.xctest; sourceTree = BUILT_PRODUCTS_DIR; };
		8BF378891D209B8A00F9685A /* Assignment1UITests.swift */ = {isa = PBXFileReference; lastKnownFileType = sourcecode.swift; path = Assignment1UITests.swift; sourceTree = "<group>"; };
		8BF3788B1D209B8A00F9685A /* Info.plist */ = {isa = PBXFileReference; lastKnownFileType = text.plist.xml; path = Info.plist; sourceTree = "<group>"; };
/* End PBXFileReference section */

/* Begin PBXFrameworksBuildPhase section */
		8BF378611D209B8900F9685A /* Frameworks */ = {
			isa = PBXFrameworksBuildPhase;
			buildActionMask = 2147483647;
			files = (
			);
			runOnlyForDeploymentPostprocessing = 0;
		};
		8BF378771D209B8A00F9685A /* Frameworks */ = {
			isa = PBXFrameworksBuildPhase;
			buildActionMask = 2147483647;
			files = (
			);
			runOnlyForDeploymentPostprocessing = 0;
		};
		8BF378821D209B8A00F9685A /* Frameworks */ = {
			isa = PBXFrameworksBuildPhase;
			buildActionMask = 2147483647;
			files = (
			);
			runOnlyForDeploymentPostprocessing = 0;
		};
/* End PBXFrameworksBuildPhase section */

/* Begin PBXGroup section */
		8BF3785B1D209B8900F9685A = {
			isa = PBXGroup;
			children = (
				8BF378661D209B8900F9685A /* Assignment1 */,
				8BF3787D1D209B8A00F9685A /* Assignment1Tests */,
				8BF378881D209B8A00F9685A /* Assignment1UITests */,
				8BF378651D209B8900F9685A /* Products */,
			);
			sourceTree = "<group>";
		};
		8BF378651D209B8900F9685A /* Products */ = {
			isa = PBXGroup;
			children = (
				8BF378641D209B8900F9685A /* Assignment1.app */,
				8BF3787A1D209B8A00F9685A /* Assignment1Tests.xctest */,
				8BF378851D209B8A00F9685A /* Assignment1UITests.xctest */,
			);
			name = Products;
			sourceTree = "<group>";
		};
		8BF378661D209B8900F9685A /* Assignment1 */ = {
			isa = PBXGroup;
			children = (
				8BF378671D209B8900F9685A /* AppDelegate.swift */,
				8BF378691D209B8900F9685A /* FirstViewController.swift */,
				8BF3786B1D209B8900F9685A /* SecondViewController.swift */,
				8BF3786D1D209B8900F9685A /* Main.storyboard */,
				8BF378701D209B8900F9685A /* Assets.xcassets */,
				8BF378721D209B8900F9685A /* LaunchScreen.storyboard */,
				8BF378751D209B8900F9685A /* Info.plist */,
			);
			path = Assignment1;
			sourceTree = "<group>";
		};
		8BF3787D1D209B8A00F9685A /* Assignment1Tests */ = {
			isa = PBXGroup;
			children = (
				8BF3787E1D209B8A00F9685A /* Assignment1Tests.swift */,
				8BF378801D209B8A00F9685A /* Info.plist */,
			);
			path = Assignment1Tests;
			sourceTree = "<group>";
		};
		8BF378881D209B8A00F9685A /* Assignment1UITests */ = {
			isa = PBXGroup;
			children = (
				8BF378891D209B8A00F9685A /* Assignment1UITests.swift */,
				8BF3788B1D209B8A00F9685A /* Info.plist */,
			);
			path = Assignment1UITests;
			sourceTree = "<group>";
		};
/* End PBXGroup section */

/* Begin PBXNativeTarget section */
		8BF378631D209B8900F9685A /* Assignment1 */ = {
			isa = PBXNativeTarget;
			buildConfigurationList = 8BF3788E1D209B8A00F9685A /* Build configuration list for PBXNativeTarget "Assignment1" */;
			buildPhases = (
				8BF378601D209B8900F9685A /* Sources */,
				8BF378611D209B8900F9685A /* Frameworks */,
				8BF378621D209B8900F9685A /* Resources */,
			);
			buildRules = (
			);
			dependencies = (
			);
			name = Assignment1;
			productName = Assignment1;
			productReference = 8BF378641D209B8900F9685A /* Assignment1.app */;
			productType = "com.apple.product-type.application";
		};
		8BF378791D209B8A00F9685A /* Assignment1Tests */ = {
			isa = PBXNativeTarget;
			buildConfigurationList = 8BF378911D209B8A00F9685A /* Build configuration list for PBXNativeTarget "Assignment1Tests" */;
			buildPhases = (
				8BF378761D209B8A00F9685A /* Sources */,
				8BF378771D209B8A00F9685A /* Frameworks */,
				8BF378781D209B8A00F9685A /* Resources */,
			);
			buildRules = (
			);
			dependencies = (
				8BF3787C1D209B8A00F9685A /* PBXTargetDependency */,
			);
			name = Assignment1Tests;
			productName = Assignment1Tests;
			productReference = 8BF3787A1D209B8A00F9685A /* Assignment1Tests.xctest */;
			productType = "com.apple.product-type.bundle.unit-test";
		};
		8BF378841D209B8A00F9685A /* Assignment1UITests */ = {
			isa = PBXNativeTarget;
			buildConfigurationList = 8BF378941D209B8A00F9685A /* Build configuration list for PBXNativeTarget "Assignment1UITests" */;
			buildPhases = (
				8BF378811D209B8A00F9685A /* Sources */,
				8BF378821D209B8A00F9685A /* Frameworks */,
				8BF378831D209B8A00F9685A /* Resources */,
			);
			buildRules = (
			);
			dependencies = (
				8BF378871D209B8A00F9685A /* PBXTargetDependency */,
			);
			name = Assignment1UITests;
			productName = Assignment1UITests;
			productReference = 8BF378851D209B8A00F9685A /* Assignment1UITests.xctest */;
			productType = "com.apple.product-type.bundle.ui-testing";
		};
/* End PBXNativeTarget section */

/* Begin PBXProject section */
		8BF3785C1D209B8900F9685A /* Project object */ = {
			isa = PBXProject;
			attributes = {
				LastSwiftUpdateCheck = 0730;
				LastUpgradeCheck = 0730;
				ORGANIZATIONNAME = "tzur almog";
				TargetAttributes = {
					8BF378631D209B8900F9685A = {
						CreatedOnToolsVersion = 7.3.1;
					};
					8BF378791D209B8A00F9685A = {
						CreatedOnToolsVersion = 7.3.1;
						TestTargetID = 8BF378631D209B8900F9685A;
					};
					8BF378841D209B8A00F9685A = {
						CreatedOnToolsVersion = 7.3.1;
						TestTargetID = 8BF378631D209B8900F9685A;
					};
				};
			};
			buildConfigurationList = 8BF3785F1D209B8900F9685A /* Build configuration list for PBXProject "Assignment1" */;
			compatibilityVersion = "Xcode 3.2";
			developmentRegion = English;
			hasScannedForEncodings = 0;
			knownRegions = (
				en,
				Base,
			);
			mainGroup = 8BF3785B1D209B8900F9685A;
			productRefGroup = 8BF378651D209B8900F9685A /* Products */;
			projectDirPath = "";
			projectRoot = "";
			targets = (
				8BF378631D209B8900F9685A /* Assignment1 */,
				8BF378791D209B8A00F9685A /* Assignment1Tests */,
				8BF378841D209B8A00F9685A /* Assignment1UITests */,
			);
		};
/* End PBXProject section */

/* Begin PBXResourcesBuildPhase section */
		8BF378621D209B8900F9685A /* Resources */ = {
			isa = PBXResourcesBuildPhase;
			buildActionMask = 2147483647;
			files = (
				8BF378741D209B8900F9685A /* LaunchScreen.storyboard in Resources */,
				8BF378711D209B8900F9685A /* Assets.xcassets in Resources */,
				8BF3786F1D209B8900F9685A /* Main.storyboard in Resources */,
			);
			runOnlyForDeploymentPostprocessing = 0;
		};
		8BF378781D209B8A00F9685A /* Resources */ = {
			isa = PBXResourcesBuildPhase;
			buildActionMask = 2147483647;
			files = (
			);
			runOnlyForDeploymentPostprocessing = 0;
		};
		8BF378831D209B8A00F9685A /* Resources */ = {
			isa = PBXResourcesBuildPhase;
			buildActionMask = 2147483647;
			files = (
			);
			runOnlyForDeploymentPostprocessing = 0;
		};
/* End PBXResourcesBuildPhase section */

/* Begin PBXSourcesBuildPhase section */
		8BF378601D209B8900F9685A /* Sources */ = {
			isa = PBXSourcesBuildPhase;
			buildActionMask = 2147483647;
			files = (
				8BF3786C1D209B8900F9685A /* SecondViewController.swift in Sources */,
				8BF378681D209B8900F9685A /* AppDelegate.swift in Sources */,
				8BF3786A1D209B8900F9685A /* FirstViewController.swift in Sources */,
			);
			runOnlyForDeploymentPostprocessing = 0;
		};
		8BF378761D209B8A00F9685A /* Sources */ = {
			isa = PBXSourcesBuildPhase;
			buildActionMask = 2147483647;
			files = (
				8BF3787F1D209B8A00F9685A /* Assignment1Tests.swift in Sources */,
			);
			runOnlyForDeploymentPostprocessing = 0;
		};
		8BF378811D209B8A00F9685A /* Sources */ = {
			isa = PBXSourcesBuildPhase;
			buildActionMask = 2147483647;
			files = (
				8BF3788A1D209B8A00F9685A /* Assignment1UITests.swift in Sources */,
			);
			runOnlyForDeploymentPostprocessing = 0;
		};
/* End PBXSourcesBuildPhase section */

/* Begin PBXTargetDependency section */
		8BF3787C1D209B8A00F9685A /* PBXTargetDependency */ = {
			isa = PBXTargetDependency;
			target = 8BF378631D209B8900F9685A /* Assignment1 */;
			targetProxy = 8BF3787B1D209B8A00F9685A /* PBXContainerItemProxy */;
		};
		8BF378871D209B8A00F9685A /* PBXTargetDependency */ = {
			isa = PBXTargetDependency;
			target = 8BF378631D209B8900F9685A /* Assignment1 */;
			targetProxy = 8BF378861D209B8A00F9685A /* PBXContainerItemProxy */;
		};
/* End PBXTargetDependency section */

/* Begin PBXVariantGroup section */
		8BF3786D1D209B8900F9685A /* Main.storyboard */ = {
			isa = PBXVariantGroup;
			children = (
				8BF3786E1D209B8900F9685A /* Base */,
			);
			name = Main.storyboard;
			sourceTree = "<group>";
		};
		8BF378721D209B8900F9685A /* LaunchScreen.storyboard */ = {
			isa = PBXVariantGroup;
			children = (
				8BF378731D209B8900F9685A /* Base */,
			);
			name = LaunchScreen.storyboard;
			sourceTree = "<group>";
		};
/* End PBXVariantGroup section */

/* Begin XCBuildConfiguration section */
		8BF3788C1D209B8A00F9685A /* Debug */ = {
			isa = XCBuildConfiguration;
			buildSettings = {
				ALWAYS_SEARCH_USER_PATHS = NO;
				CLANG_ANALYZER_NONNULL = YES;
				CLANG_CXX_LANGUAGE_STANDARD = "gnu++0x";
				CLANG_CXX_LIBRARY = "libc++";
				CLANG_ENABLE_MODULES = YES;
				CLANG_ENABLE_OBJC_ARC = YES;
				CLANG_WARN_BOOL_CONVERSION = YES;
				CLANG_WARN_CONSTANT_CONVERSION = YES;
				CLANG_WARN_DIRECT_OBJC_ISA_USAGE = YES_ERROR;
				CLANG_WARN_EMPTY_BODY = YES;
				CLANG_WARN_ENUM_CONVERSION = YES;
				CLANG_WARN_INT_CONVERSION = YES;
				CLANG_WARN_OBJC_ROOT_CLASS = YES_ERROR;
				CLANG_WARN_UNREACHABLE_CODE = YES;
				CLANG_WARN__DUPLICATE_METHOD_MATCH = YES;
				"CODE_SIGN_IDENTITY[sdk=iphoneos*]" = "iPhone Developer";
				COPY_PHASE_STRIP = NO;
				DEBUG_INFORMATION_FORMAT = dwarf;
				ENABLE_STRICT_OBJC_MSGSEND = YES;
				ENABLE_TESTABILITY = YES;
				GCC_C_LANGUAGE_STANDARD = gnu99;
				GCC_DYNAMIC_NO_PIC = NO;
				GCC_NO_COMMON_BLOCKS = YES;
				GCC_OPTIMIZATION_LEVEL = 0;
				GCC_PREPROCESSOR_DEFINITIONS = (
					"DEBUG=1",
					"$(inherited)",
				);
				GCC_WARN_64_TO_32_BIT_CONVERSION = YES;
				GCC_WARN_ABOUT_RETURN_TYPE = YES_ERROR;
				GCC_WARN_UNDECLARED_SELECTOR = YES;
				GCC_WARN_UNINITIALIZED_AUTOS = YES_AGGRESSIVE;
				GCC_WARN_UNUSED_FUNCTION = YES;
				GCC_WARN_UNUSED_VARIABLE = YES;
				IPHONEOS_DEPLOYMENT_TARGET = 9.3;
				MTL_ENABLE_DEBUG_INFO = YES;
				ONLY_ACTIVE_ARCH = YES;
				SDKROOT = iphoneos;
				SWIFT_OPTIMIZATION_LEVEL = "-Onone";
				TARGETED_DEVICE_FAMILY = "1,2";
			};
			name = Debug;
		};
		8BF3788D1D209B8A00F9685A /* Release */ = {
			isa = XCBuildConfiguration;
			buildSettings = {
				ALWAYS_SEARCH_USER_PATHS = NO;
				CLANG_ANALYZER_NONNULL = YES;
				CLANG_CXX_LANGUAGE_STANDARD = "gnu++0x";
				CLANG_CXX_LIBRARY = "libc++";
				CLANG_ENABLE_MODULES = YES;
				CLANG_ENABLE_OBJC_ARC = YES;
				CLANG_WARN_BOOL_CONVERSION = YES;
				CLANG_WARN_CONSTANT_CONVERSION = YES;
				CLANG_WARN_DIRECT_OBJC_ISA_USAGE = YES_ERROR;
				CLANG_WARN_EMPTY_BODY = YES;
				CLANG_WARN_ENUM_CONVERSION = YES;
				CLANG_WARN_INT_CONVERSION = YES;
				CLANG_WARN_OBJC_ROOT_CLASS = YES_ERROR;
				CLANG_WARN_UNREACHABLE_CODE = YES;
				CLANG_WARN__DUPLICATE_METHOD_MATCH = YES;
				"CODE_SIGN_IDENTITY[sdk=iphoneos*]" = "iPhone Developer";
				COPY_PHASE_STRIP = NO;
				DEBUG_INFORMATION_FORMAT = "dwarf-with-dsym";
				ENABLE_NS_ASSERTIONS = NO;
				ENABLE_STRICT_OBJC_MSGSEND = YES;
				GCC_C_LANGUAGE_STANDARD = gnu99;
				GCC_NO_COMMON_BLOCKS = YES;
				GCC_WARN_64_TO_32_BIT_CONVERSION = YES;
				GCC_WARN_ABOUT_RETURN_TYPE = YES_ERROR;
				GCC_WARN_UNDECLARED_SELECTOR = YES;
				GCC_WARN_UNINITIALIZED_AUTOS = YES_AGGRESSIVE;
				GCC_WARN_UNUSED_FUNCTION = YES;
				GCC_WARN_UNUSED_VARIABLE = YES;
				IPHONEOS_DEPLOYMENT_TARGET = 9.3;
				MTL_ENABLE_DEBUG_INFO = NO;
				SDKROOT = iphoneos;
				TARGETED_DEVICE_FAMILY = "1,2";
				VALIDATE_PRODUCT = YES;
			};
			name = Release;
		};
		8BF3788F1D209B8A00F9685A /* Debug */ = {
			isa = XCBuildConfiguration;
			buildSettings = {
				ASSETCATALOG_COMPILER_APPICON_NAME = AppIcon;
				INFOPLIST_FILE = Assignment1/Info.plist;
				LD_RUNPATH_SEARCH_PATHS = "$(inherited) @executable_path/Frameworks";
				PRODUCT_BUNDLE_IDENTIFIER = universal.Assignment1;
				PRODUCT_NAME = "$(TARGET_NAME)";
			};
			name = Debug;
		};
		8BF378901D209B8A00F9685A /* Release */ = {
			isa = XCBuildConfiguration;
			buildSettings = {
				ASSETCATALOG_COMPILER_APPICON_NAME = AppIcon;
				INFOPLIST_FILE = Assignment1/Info.plist;
				LD_RUNPATH_SEARCH_PATHS = "$(inherited) @executable_path/Frameworks";
				PRODUCT_BUNDLE_IDENTIFIER = universal.Assignment1;
				PRODUCT_NAME = "$(TARGET_NAME)";
			};
			name = Release;
		};
		8BF378921D209B8A00F9685A /* Debug */ = {
			isa = XCBuildConfiguration;
			buildSettings = {
				BUNDLE_LOADER = "$(TEST_HOST)";
				INFOPLIST_FILE = Assignment1Tests/Info.plist;
				LD_RUNPATH_SEARCH_PATHS = "$(inherited) @executable_path/Frameworks @loader_path/Frameworks";
				PRODUCT_BUNDLE_IDENTIFIER = universal.Assignment1Tests;
				PRODUCT_NAME = "$(TARGET_NAME)";
				TEST_HOST = "$(BUILT_PRODUCTS_DIR)/Assignment1.app/Assignment1";
			};
			name = Debug;
		};
		8BF378931D209B8A00F9685A /* Release */ = {
			isa = XCBuildConfiguration;
			buildSettings = {
				BUNDLE_LOADER = "$(TEST_HOST)";
				INFOPLIST_FILE = Assignment1Tests/Info.plist;
				LD_RUNPATH_SEARCH_PATHS = "$(inherited) @executable_path/Frameworks @loader_path/Frameworks";
				PRODUCT_BUNDLE_IDENTIFIER = universal.Assignment1Tests;
				PRODUCT_NAME = "$(TARGET_NAME)";
				TEST_HOST = "$(BUILT_PRODUCTS_DIR)/Assignment1.app/Assignment1";
			};
			name = Release;
		};
		8BF378951D209B8A00F9685A /* Debug */ = {
			isa = XCBuildConfiguration;
			buildSettings = {
				INFOPLIST_FILE = Assignment1UITests/Info.plist;
				LD_RUNPATH_SEARCH_PATHS = "$(inherited) @executable_path/Frameworks @loader_path/Frameworks";
				PRODUCT_BUNDLE_IDENTIFIER = universal.Assignment1UITests;
				PRODUCT_NAME = "$(TARGET_NAME)";
				TEST_TARGET_NAME = Assignment1;
			};
			name = Debug;
		};
		8BF378961D209B8A00F9685A /* Release */ = {
			isa = XCBuildConfiguration;
			buildSettings = {
				INFOPLIST_FILE = Assignment1UITests/Info.plist;
				LD_RUNPATH_SEARCH_PATHS = "$(inherited) @executable_path/Frameworks @loader_path/Frameworks";
				PRODUCT_BUNDLE_IDENTIFIER = universal.Assignment1UITests;
				PRODUCT_NAME = "$(TARGET_NAME)";
				TEST_TARGET_NAME = Assignment1;
			};
			name = Release;
		};
/* End XCBuildConfiguration section */

/* Begin XCConfigurationList section */
		8BF3785F1D209B8900F9685A /* Build configuration list for PBXProject "Assignment1" */ = {
			isa = XCConfigurationList;
			buildConfigurations = (
				8BF3788C1D209B8A00F9685A /* Debug */,
				8BF3788D1D209B8A00F9685A /* Release */,
			);
			defaultConfigurationIsVisible = 0;
			defaultConfigurationName = Release;
		};
		8BF3788E1D209B8A00F9685A /* Build configuration list for PBXNativeTarget "Assignment1" */ = {
			isa = XCConfigurationList;
			buildConfigurations = (
				8BF3788F1D209B8A00F9685A /* Debug */,
				8BF378901D209B8A00F9685A /* Release */,
			);
			defaultConfigurationIsVisible = 0;
		};
		8BF378911D209B8A00F9685A /* Build configuration list for PBXNativeTarget "Assignment1Tests" */ = {
			isa = XCConfigurationList;
			buildConfigurations = (
				8BF378921D209B8A00F9685A /* Debug */,
				8BF378931D209B8A00F9685A /* Release */,
			);
			defaultConfigurationIsVisible = 0;
		};
		8BF378941D209B8A00F9685A /* Build configuration list for PBXNativeTarget "Assignment1UITests" */ = {
			isa = XCConfigurationList;
			buildConfigurations = (
				8BF378951D209B8A00F9685A /* Debug */,
				8BF378961D209B8A00F9685A /* Release */,
			);
			defaultConfigurationIsVisible = 0;
		};
/* End XCConfigurationList section */
	};
	rootObject = 8BF3785C1D209B8900F9685A /* Project object */;
}
